{
  "name": "slite-axi",
  "version": "0.1.0",
  "lockfileVersion": 3,
  "requires": true,
  "packages": {
    "": {
      "name": "slite-axi",
      "version": "0.1.0",
      "license": "MIT",
      "dependencies": {
        "axi-sdk-js": "^0.1.13"
      },
      "bin": {
        "slite-axi": "bin/slite-axi.js"
      },
      "engines": {
        "node": ">=20"
      }
    },
    "node_modules/@toon-format/toon": {
      "version": "2.3.1",
      "resolved": "https://registry.npmjs.org/@toon-format/toon/-/toon-2.3.1.tgz",
      "integrity": "sha512-sWqEMeAJGMda9qRrfPKrX3C4c33CO9SJuvJzzrcBEn5sbDB+k6pSLkDsfN0rVnLQwR97MV3sDgVbcxQNsq8xVw==",
      "license": "MIT"
    },
    "node_modules/axi-sdk-js": {
      "version": "0.1.13",
      "resolved": "https://registry.npmjs.org/axi-sdk-js/-/axi-sdk-js-0.1.13.tgz",
      "integrity": "sha512-Ygh8qUN5kdwQ3ASw+BNzCKYpy5QYi18vfcEpqEOQOSrcyh6i4wChrPMtvVW0/3Sqho3xPH3CuFkP0QUma5oxxA==",
      "license": "MIT",
      "dependencies": {
        "@toon-format/toon": "^2.1.0"
      },
      "engines": {
        "node": ">=20"
      }
    }
  }
}
